
Microsoft Visual Studio Solution File, Format Version 12.00
# Visual Studio Version 17
VisualStudioVersion = 17.6.33829.357
MinimumVisualStudioVersion = 10.0.40219.1
Project("{9A19103F-16F7-4668-BE54-9A1E7A4F7556}") = "AllLessons", "AllLessons\AllLessons.csproj", "{30B810F9-2D74-479F-B98D-7E578463009F}"
EndProject
Project("{9A19103F-16F7-4668-BE54-9A1E7A4F7556}") = "01.StacksAndQueues", "01.StacksAndQueues\01.StacksAndQueues.csproj", "{D66D7EEF-6C41-4E4A-9452-C5FDC49204E8}"
EndProject
Project("{9A19103F-16F7-4668-BE54-9A1E7A4F7556}") = "02.MultidimensionalArrays", "02.MultidimensionalArrays\02.MultidimensionalArrays.csproj", "{950EA561-7CC4-4E5D-8962-0A93AAF2EBBA}"
EndProject
Project("{9A19103F-16F7-4668-BE54-9A1E7A4F7556}") = "03.Sets_And_Dicts_Advanced", "03.Sets_And_Dicts_Advanced\03.Sets_And_Dicts_Advanced.csproj", "{4BC57359-FF35-4B59-923C-B30389EFAAEE}"
EndProject
Project("{9A19103F-16F7-4668-BE54-9A1E7A4F7556}") = "04.Files", "04.Files\04.Files.csproj", "{895752D4-A979-4E52-8BDC-6B30075662C5}"
EndProject
Project("{9A19103F-16F7-4668-BE54-9A1E7A4F7556}") = "05.Functional", "05.Functional\05.Functional.csproj", "{788FB9F7-876B-4EE0-90D1-5CE44BBEDBAA}"
EndProject
Project("{9A19103F-16F7-4668-BE54-9A1E7A4F7556}") = "06.Classes", "06.Classes\06.Classes.csproj", "{DE32F948-8E4E-4089-AE45-2AD2046F2C44}"
EndProject
Project("{FAE04EC0-301F-11D3-BF4B-00C04F79EFBC}") = "07.Generics", "07.Generics\07.Generics.csproj", "{F710D755-D13E-4E23-AC40-13282D64A184}"
EndProject
Global
	GlobalSection(SolutionConfigurationPlatforms) = preSolution
		Debug|Any CPU = Debug|Any CPU
		Release|Any CPU = Release|Any CPU
	EndGlobalSection
	GlobalSection(ProjectConfigurationPlatforms) = postSolution
		{30B810F9-2D74-479F-B98D-7E578463009F}.Debug|Any CPU.ActiveCfg = Debug|Any CPU
		{30B810F9-2D74-479F-B98D-7E578463009F}.Debug|Any CPU.Build.0 = Debug|Any CPU
		{30B810F9-2D74-479F-B98D-7E578463009F}.Release|Any CPU.ActiveCfg = Release|Any CPU
		{30B810F9-2D74-479F-B98D-7E578463009F}.Release|Any CPU.Build.0 = Release|Any CPU
		{D66D7EEF-6C41-4E4A-9452-C5FDC49204E8}.Debug|Any CPU.ActiveCfg = Debug|Any CPU
		{D66D7EEF-6C41-4E4A-9452-C5FDC49204E8}.Debug|Any CPU.Build.0 = Debug|Any CPU
		{D66D7EEF-6C41-4E4A-9452-C5FDC49204E8}.Release|Any CPU.ActiveCfg = Release|Any CPU
		{D66D7EEF-6C41-4E4A-9452-C5FDC49204E8}.Release|Any CPU.Build.0 = Release|Any CPU
		{950EA561-7CC4-4E5D-8962-0A93AAF2EBBA}.Debug|Any CPU.ActiveCfg = Debug|Any CPU
		{950EA561-7CC4-4E5D-8962-0A93AAF2EBBA}.Debug|Any CPU.Build.0 = Debug|Any CPU
		{950EA561-7CC4-4E5D-8962-0A93AAF2EBBA}.Release|Any CPU.ActiveCfg = Release|Any CPU
		{950EA561-7CC4-4E5D-8962-0A93AAF2EBBA}.Release|Any CPU.Build.0 = Release|Any CPU
		{4BC57359-FF35-4B59-923C-B30389EFAAEE}.Debug|Any CPU.ActiveCfg = Debug|Any CPU
		{4BC57359-FF35-4B59-923C-B30389EFAAEE}.Debug|Any CPU.Build.0 = Debug|Any CPU
		{4BC57359-FF35-4B59-923C-B30389EFAAEE}.Release|Any CPU.ActiveCfg = Release|Any CPU
		{4BC57359-FF35-4B59-923C-B30389EFAAEE}.Release|Any CPU.Build.0 = Release|Any CPU
		{895752D4-A979-4E52-8BDC-6B30075662C5}.Debug|Any CPU.ActiveCfg = Debug|Any CPU
		{895752D4-A979-4E52-8BDC-6B30075662C5}.Debug|Any CPU.Build.0 = Debug|Any CPU
		{895752D4-A979-4E52-8BDC-6B30075662C5}.Release|Any CPU.ActiveCfg = Release|Any CPU
		{895752D4-A979-4E52-8BDC-6B30075662C5}.Release|Any CPU.Build.0 = Release|Any CPU
		{788FB9F7-876B-4EE0-90D1-5CE44BBEDBAA}.Debug|Any CPU.ActiveCfg = Debug|Any CPU
		{788FB9F7-876B-4EE0-90D1-5CE44BBEDBAA}.Debug|Any CPU.Build.0 = Debug|Any CPU
		{788FB9F7-876B-4EE0-90D1-5CE44BBEDBAA}.Release|Any CPU.ActiveCfg = Release|Any CPU
		{788FB9F7-876B-4EE0-90D1-5CE44BBEDBAA}.Release|Any CPU.Build.0 = Release|Any CPU
		{DE32F948-8E4E-4089-AE45-2AD2046F2C44}.Debug|Any CPU.ActiveCfg = Debug|Any CPU
		{DE32F948-8E4E-4089-AE45-2AD2046F2C44}.Debug|Any CPU.Build.0 = Debug|Any CPU
		{DE32F948-8E4E-4089-AE45-2AD2046F2C44}.Release|Any CPU.ActiveCfg = Release|Any CPU
		{DE32F948-8E4E-4089-AE45-2AD2046F2C44}.Release|Any CPU.Build.0 = Release|Any CPU
		{F710D755-D13E-4E23-AC40-13282D64A184}.Debug|Any CPU.ActiveCfg = Debug|Any CPU
		{F710D755-D13E-4E23-AC40-13282D64A184}.Debug|Any CPU.Build.0 = Debug|Any CPU
		{F710D755-D13E-4E23-AC40-13282D64A184}.Release|Any CPU.ActiveCfg = Release|Any CPU
		{F710D755-D13E-4E23-AC40-13282D64A184}.Release|Any CPU.Build.0 = Release|Any CPU
	EndGlobalSection
	GlobalSection(SolutionProperties) = preSolution
		HideSolutionNode = FALSE
	EndGlobalSection
	GlobalSection(ExtensibilityGlobals) = postSolution
		SolutionGuid = {ADCF3E0F-53CA-446B-BD02-0722DAC9157B}
	EndGlobalSection
EndGlobal
