
Microsoft Visual Studio Solution File, Format Version 12.00
# Visual Studio Version 17
VisualStudioVersion = 17.6.33829.357
MinimumVisualStudioVersion = 10.0.40219.1
Project("{9A19103F-16F7-4668-BE54-9A1E7A4F7556}") = "AllLessons", "AllLessons\AllLessons.csproj", "{30B810F9-2D74-479F-B98D-7E578463009F}"
EndProject
Project("{9A19103F-16F7-4668-BE54-9A1E7A4F7556}") = "01.StacksAndQueues", "01.StacksAndQueues\01.StacksAndQueues.csproj", "{D66D7EEF-6C41-4E4A-9452-C5FDC49204E8}"
EndProject
Project("{9A19103F-16F7-4668-BE54-9A1E7A4F7556}") = "02.MultidimensionalArrays", "02.MultidimensionalArrays\02.MultidimensionalArrays.csproj", "{950EA561-7CC4-4E5D-8962-0A93AAF2EBBA}"
EndProject
Project("{9A19103F-16F7-4668-BE54-9A1E7A4F7556}") = "03.Sets_And_Dicts_Advanced", "03.Sets_And_Dicts_Advanced\03.Sets_And_Dicts_Advanced.csproj", "{4BC57359-FF35-4B59-923C-B30389EFAAEE}"
EndProject
Project("{9A19103F-16F7-4668-BE54-9A1E7A4F7556}") = "04.Files", "04.Files\04.Files.csproj", "{895752D4-A979-4E52-8BDC-6B30075662C5}"
EndProject
Project("{9A19103F-16F7-4668-BE54-9A1E7A4F7556}") = "05.Functional", "05.Functional\05.Functional.csproj", "{788FB9F7-876B-4EE0-90D1-5CE44BBEDBAA}"
EndProject
Project("{9A19103F-16F7-4668-BE54-9A1E7A4F7556}") = "06.Classes", "06.Classes\06.Classes.csproj", "{DE32F948-8E4E-4089-AE45-2AD2046F2C44}"
EndProject
Project("{9A19103F-16F7-4668-BE54-9A1E7A4F7556}") = "07.Generics", "07.Generics\07.Generics.csproj", "{F710D755-D13E-4E23-AC40-13282D64A184}"
EndProject
Project("{9A19103F-16F7-4668-BE54-9A1E7A4F7556}") = "08.Iter&Compar", "08.Iter&Compar\08.Iter&Compar.csproj", "{A2B26302-1763-48ED-A702-57BC2D6706F8}"
EndProject
Project("{9A19103F-16F7-4668-BE54-9A1E7A4F7556}") = "09.Inheritance", "09.Inheritance\09.Inheritance.csproj", "{F83345FF-CF12-4339-A798-0E31CB65ECE7}"
EndProject
Project("{9A19103F-16F7-4668-BE54-9A1E7A4F7556}") = "10.Encapsulation", "10.Encapsulation\10.Encapsulation.csproj", "{86A4B155-AF26-4909-8E9B-73570DA9C5C9}"
EndProject
Project("{FAE04EC0-301F-11D3-BF4B-00C04F79EFBC}") = "11.Abstraction", "11.Abstraction\11.Abstraction.csproj", "{33F3D53D-6532-4387-82FE-749761D7FCB8}"
EndProject
Project("{FAE04EC0-301F-11D3-BF4B-00C04F79EFBC}") = "12.Polymorphism", "12.Polymorphism\12.Polymorphism.csproj", "{B64C4925-FF89-4386-8CB3-8A7067DCB533}"
EndProject
Project("{FAE04EC0-301F-11D3-BF4B-00C04F79EFBC}") = "13.Reflection", "13.Reflection\13.Reflection.csproj", "{B34B6A58-42B7-4CF1-A921-3DBE09C98C2E}"
EndProject
Global
	GlobalSection(SolutionConfigurationPlatforms) = preSolution
		Debug|Any CPU = Debug|Any CPU
		Release|Any CPU = Release|Any CPU
	EndGlobalSection
	GlobalSection(ProjectConfigurationPlatforms) = postSolution
		{30B810F9-2D74-479F-B98D-7E578463009F}.Debug|Any CPU.ActiveCfg = Debug|Any CPU
		{30B810F9-2D74-479F-B98D-7E578463009F}.Debug|Any CPU.Build.0 = Debug|Any CPU
		{30B810F9-2D74-479F-B98D-7E578463009F}.Release|Any CPU.ActiveCfg = Release|Any CPU
		{30B810F9-2D74-479F-B98D-7E578463009F}.Release|Any CPU.Build.0 = Release|Any CPU
		{D66D7EEF-6C41-4E4A-9452-C5FDC49204E8}.Debug|Any CPU.ActiveCfg = Debug|Any CPU
		{D66D7EEF-6C41-4E4A-9452-C5FDC49204E8}.Debug|Any CPU.Build.0 = Debug|Any CPU
		{D66D7EEF-6C41-4E4A-9452-C5FDC49204E8}.Release|Any CPU.ActiveCfg = Release|Any CPU
		{D66D7EEF-6C41-4E4A-9452-C5FDC49204E8}.Release|Any CPU.Build.0 = Release|Any CPU
		{950EA561-7CC4-4E5D-8962-0A93AAF2EBBA}.Debug|Any CPU.ActiveCfg = Debug|Any CPU
		{950EA561-7CC4-4E5D-8962-0A93AAF2EBBA}.Debug|Any CPU.Build.0 = Debug|Any CPU
		{950EA561-7CC4-4E5D-8962-0A93AAF2EBBA}.Release|Any CPU.ActiveCfg = Release|Any CPU
		{950EA561-7CC4-4E5D-8962-0A93AAF2EBBA}.Release|Any CPU.Build.0 = Release|Any CPU
		{4BC57359-FF35-4B59-923C-B30389EFAAEE}.Debug|Any CPU.ActiveCfg = Debug|Any CPU
		{4BC57359-FF35-4B59-923C-B30389EFAAEE}.Debug|Any CPU.Build.0 = Debug|Any CPU
		{4BC57359-FF35-4B59-923C-B30389EFAAEE}.Release|Any CPU.ActiveCfg = Release|Any CPU
		{4BC57359-FF35-4B59-923C-B30389EFAAEE}.Release|Any CPU.Build.0 = Release|Any CPU
		{895752D4-A979-4E52-8BDC-6B30075662C5}.Debug|Any CPU.ActiveCfg = Debug|Any CPU
		{895752D4-A979-4E52-8BDC-6B30075662C5}.Debug|Any CPU.Build.0 = Debug|Any CPU
		{895752D4-A979-4E52-8BDC-6B30075662C5}.Release|Any CPU.ActiveCfg = Release|Any CPU
		{895752D4-A979-4E52-8BDC-6B30075662C5}.Release|Any CPU.Build.0 = Release|Any CPU
		{788FB9F7-876B-4EE0-90D1-5CE44BBEDBAA}.Debug|Any CPU.ActiveCfg = Debug|Any CPU
		{788FB9F7-876B-4EE0-90D1-5CE44BBEDBAA}.Debug|Any CPU.Build.0 = Debug|Any CPU
		{788FB9F7-876B-4EE0-90D1-5CE44BBEDBAA}.Release|Any CPU.ActiveCfg = Release|Any CPU
		{788FB9F7-876B-4EE0-90D1-5CE44BBEDBAA}.Release|Any CPU.Build.0 = Release|Any CPU
		{DE32F948-8E4E-4089-AE45-2AD2046F2C44}.Debug|Any CPU.ActiveCfg = Debug|Any CPU
		{DE32F948-8E4E-4089-AE45-2AD2046F2C44}.Debug|Any CPU.Build.0 = Debug|Any CPU
		{DE32F948-8E4E-4089-AE45-2AD2046F2C44}.Release|Any CPU.ActiveCfg = Release|Any CPU
		{DE32F948-8E4E-4089-AE45-2AD2046F2C44}.Release|Any CPU.Build.0 = Release|Any CPU
		{F710D755-D13E-4E23-AC40-13282D64A184}.Debug|Any CPU.ActiveCfg = Debug|Any CPU
		{F710D755-D13E-4E23-AC40-13282D64A184}.Debug|Any CPU.Build.0 = Debug|Any CPU
		{F710D755-D13E-4E23-AC40-13282D64A184}.Release|Any CPU.ActiveCfg = Release|Any CPU
		{F710D755-D13E-4E23-AC40-13282D64A184}.Release|Any CPU.Build.0 = Release|Any CPU
		{A2B26302-1763-48ED-A702-57BC2D6706F8}.Debug|Any CPU.ActiveCfg = Debug|Any CPU
		{A2B26302-1763-48ED-A702-57BC2D6706F8}.Debug|Any CPU.Build.0 = Debug|Any CPU
		{A2B26302-1763-48ED-A702-57BC2D6706F8}.Release|Any CPU.ActiveCfg = Release|Any CPU
		{A2B26302-1763-48ED-A702-57BC2D6706F8}.Release|Any CPU.Build.0 = Release|Any CPU
		{F83345FF-CF12-4339-A798-0E31CB65ECE7}.Debug|Any CPU.ActiveCfg = Debug|Any CPU
		{F83345FF-CF12-4339-A798-0E31CB65ECE7}.Debug|Any CPU.Build.0 = Debug|Any CPU
		{F83345FF-CF12-4339-A798-0E31CB65ECE7}.Release|Any CPU.ActiveCfg = Release|Any CPU
		{F83345FF-CF12-4339-A798-0E31CB65ECE7}.Release|Any CPU.Build.0 = Release|Any CPU
		{86A4B155-AF26-4909-8E9B-73570DA9C5C9}.Debug|Any CPU.ActiveCfg = Debug|Any CPU
		{86A4B155-AF26-4909-8E9B-73570DA9C5C9}.Debug|Any CPU.Build.0 = Debug|Any CPU
		{86A4B155-AF26-4909-8E9B-73570DA9C5C9}.Release|Any CPU.ActiveCfg = Release|Any CPU
		{86A4B155-AF26-4909-8E9B-73570DA9C5C9}.Release|Any CPU.Build.0 = Release|Any CPU
		{33F3D53D-6532-4387-82FE-749761D7FCB8}.Debug|Any CPU.ActiveCfg = Debug|Any CPU
		{33F3D53D-6532-4387-82FE-749761D7FCB8}.Debug|Any CPU.Build.0 = Debug|Any CPU
		{33F3D53D-6532-4387-82FE-749761D7FCB8}.Release|Any CPU.ActiveCfg = Release|Any CPU
		{33F3D53D-6532-4387-82FE-749761D7FCB8}.Release|Any CPU.Build.0 = Release|Any CPU
		{B64C4925-FF89-4386-8CB3-8A7067DCB533}.Debug|Any CPU.ActiveCfg = Debug|Any CPU
		{B64C4925-FF89-4386-8CB3-8A7067DCB533}.Debug|Any CPU.Build.0 = Debug|Any CPU
		{B64C4925-FF89-4386-8CB3-8A7067DCB533}.Release|Any CPU.ActiveCfg = Release|Any CPU
		{B64C4925-FF89-4386-8CB3-8A7067DCB533}.Release|Any CPU.Build.0 = Release|Any CPU
		{B34B6A58-42B7-4CF1-A921-3DBE09C98C2E}.Debug|Any CPU.ActiveCfg = Debug|Any CPU
		{B34B6A58-42B7-4CF1-A921-3DBE09C98C2E}.Debug|Any CPU.Build.0 = Debug|Any CPU
		{B34B6A58-42B7-4CF1-A921-3DBE09C98C2E}.Release|Any CPU.ActiveCfg = Release|Any CPU
		{B34B6A58-42B7-4CF1-A921-3DBE09C98C2E}.Release|Any CPU.Build.0 = Release|Any CPU
	EndGlobalSection
	GlobalSection(SolutionProperties) = preSolution
		HideSolutionNode = FALSE
	EndGlobalSection
	GlobalSection(ExtensibilityGlobals) = postSolution
		SolutionGuid = {ADCF3E0F-53CA-446B-BD02-0722DAC9157B}
	EndGlobalSection
EndGlobal
